
Microsoft Visual Studio Solution File, Format Version 12.00
# Visual Studio 2013
VisualStudioVersion = 12.0.30501.0
MinimumVisualStudioVersion = 10.0.40219.1
Project("{8BC9CEB8-8B4A-11D0-8D11-00A0C91BC942}") = "DIALOG", "DIALOG\DIALOG.vcxproj", "{CBEF144C-5291-4477-A8CE-3DA7A49544BD}"
EndProject
Project("{8BC9CEB8-8B4A-11D0-8D11-00A0C91BC942}") = "COLORS2", "COLORS2\COLORS2.vcxproj", "{BD4C9AA7-1774-4427-A7A7-A4797BFB73E2}"
EndProject
Project("{8BC9CEB8-8B4A-11D0-8D11-00A0C91BC942}") = "ABOUT1", "ABOUT1\ABOUT1.vcxproj", "{231274CE-32FA-4CE9-B279-B01910C2053F}"
EndProject
Project("{8BC9CEB8-8B4A-11D0-8D11-00A0C91BC942}") = "HEXCALC", "COLOR2\COLOR2.vcxproj", "{98D51A8B-9C5B-4B8C-B168-7B10BDD56A18}"
EndProject
Project("{8BC9CEB8-8B4A-11D0-8D11-00A0C91BC942}") = "tesst", "tesst\tesst.vcxproj", "{8E0AF9BE-E6C8-4CC3-8137-F8EA058067E4}"
EndProject
Project("{8BC9CEB8-8B4A-11D0-8D11-00A0C91BC942}") = "PublicDialog", "PublicDialog\PublicDialog.vcxproj", "{EE683E05-69CF-46F3-A55D-9119A50C2202}"
EndProject
Project("{8BC9CEB8-8B4A-11D0-8D11-00A0C91BC942}") = "EditDialog", "EditDialog\EditDialog.vcxproj", "{2A537766-D44A-442F-AB72-36BF44FF2911}"
EndProject
Project("{8BC9CEB8-8B4A-11D0-8D11-00A0C91BC942}") = "Test2", "Test2\Test2.vcxproj", "{76A895B8-B8D8-4D47-BDE7-1A16289A3614}"
EndProject
Project("{8BC9CEB8-8B4A-11D0-8D11-00A0C91BC942}") = "ListBoxDialog", "ListBoxDialog\ListBoxDialog.vcxproj", "{04B47B01-3441-45DE-9348-C0EBB59682B5}"
EndProject
Project("{8BC9CEB8-8B4A-11D0-8D11-00A0C91BC942}") = "POPAD3", "POPAD3\POPAD3.vcxproj", "{93D707D1-C9E6-461C-95BA-77B618969DDA}"
EndProject
Project("{8BC9CEB8-8B4A-11D0-8D11-00A0C91BC942}") = "TESTDRAWBORDER", "TESTDRAWBORDER\TESTDRAWBORDER.vcxproj", "{63433F7E-B167-4BD5-8A46-40FBFF25CEF9}"
EndProject
Global
	GlobalSection(SolutionConfigurationPlatforms) = preSolution
		Debug|Win32 = Debug|Win32
		Release|Win32 = Release|Win32
	EndGlobalSection
	GlobalSection(ProjectConfigurationPlatforms) = postSolution
		{CBEF144C-5291-4477-A8CE-3DA7A49544BD}.Debug|Win32.ActiveCfg = Debug|Win32
		{CBEF144C-5291-4477-A8CE-3DA7A49544BD}.Debug|Win32.Build.0 = Debug|Win32
		{CBEF144C-5291-4477-A8CE-3DA7A49544BD}.Release|Win32.ActiveCfg = Release|Win32
		{CBEF144C-5291-4477-A8CE-3DA7A49544BD}.Release|Win32.Build.0 = Release|Win32
		{BD4C9AA7-1774-4427-A7A7-A4797BFB73E2}.Debug|Win32.ActiveCfg = Debug|Win32
		{BD4C9AA7-1774-4427-A7A7-A4797BFB73E2}.Debug|Win32.Build.0 = Debug|Win32
		{BD4C9AA7-1774-4427-A7A7-A4797BFB73E2}.Release|Win32.ActiveCfg = Release|Win32
		{BD4C9AA7-1774-4427-A7A7-A4797BFB73E2}.Release|Win32.Build.0 = Release|Win32
		{231274CE-32FA-4CE9-B279-B01910C2053F}.Debug|Win32.ActiveCfg = Debug|Win32
		{231274CE-32FA-4CE9-B279-B01910C2053F}.Debug|Win32.Build.0 = Debug|Win32
		{231274CE-32FA-4CE9-B279-B01910C2053F}.Release|Win32.ActiveCfg = Release|Win32
		{231274CE-32FA-4CE9-B279-B01910C2053F}.Release|Win32.Build.0 = Release|Win32
		{98D51A8B-9C5B-4B8C-B168-7B10BDD56A18}.Debug|Win32.ActiveCfg = Debug|Win32
		{98D51A8B-9C5B-4B8C-B168-7B10BDD56A18}.Debug|Win32.Build.0 = Debug|Win32
		{98D51A8B-9C5B-4B8C-B168-7B10BDD56A18}.Release|Win32.ActiveCfg = Release|Win32
		{98D51A8B-9C5B-4B8C-B168-7B10BDD56A18}.Release|Win32.Build.0 = Release|Win32
		{8E0AF9BE-E6C8-4CC3-8137-F8EA058067E4}.Debug|Win32.ActiveCfg = Debug|Win32
		{8E0AF9BE-E6C8-4CC3-8137-F8EA058067E4}.Debug|Win32.Build.0 = Debug|Win32
		{8E0AF9BE-E6C8-4CC3-8137-F8EA058067E4}.Release|Win32.ActiveCfg = Release|Win32
		{8E0AF9BE-E6C8-4CC3-8137-F8EA058067E4}.Release|Win32.Build.0 = Release|Win32
		{EE683E05-69CF-46F3-A55D-9119A50C2202}.Debug|Win32.ActiveCfg = Debug|Win32
		{EE683E05-69CF-46F3-A55D-9119A50C2202}.Debug|Win32.Build.0 = Debug|Win32
		{EE683E05-69CF-46F3-A55D-9119A50C2202}.Release|Win32.ActiveCfg = Release|Win32
		{EE683E05-69CF-46F3-A55D-9119A50C2202}.Release|Win32.Build.0 = Release|Win32
		{2A537766-D44A-442F-AB72-36BF44FF2911}.Debug|Win32.ActiveCfg = Debug|Win32
		{2A537766-D44A-442F-AB72-36BF44FF2911}.Debug|Win32.Build.0 = Debug|Win32
		{2A537766-D44A-442F-AB72-36BF44FF2911}.Release|Win32.ActiveCfg = Release|Win32
		{2A537766-D44A-442F-AB72-36BF44FF2911}.Release|Win32.Build.0 = Release|Win32
		{76A895B8-B8D8-4D47-BDE7-1A16289A3614}.Debug|Win32.ActiveCfg = Debug|Win32
		{76A895B8-B8D8-4D47-BDE7-1A16289A3614}.Debug|Win32.Build.0 = Debug|Win32
		{76A895B8-B8D8-4D47-BDE7-1A16289A3614}.Release|Win32.ActiveCfg = Release|Win32
		{76A895B8-B8D8-4D47-BDE7-1A16289A3614}.Release|Win32.Build.0 = Release|Win32
		{04B47B01-3441-45DE-9348-C0EBB59682B5}.Debug|Win32.ActiveCfg = Debug|Win32
		{04B47B01-3441-45DE-9348-C0EBB59682B5}.Debug|Win32.Build.0 = Debug|Win32
		{04B47B01-3441-45DE-9348-C0EBB59682B5}.Release|Win32.ActiveCfg = Release|Win32
		{04B47B01-3441-45DE-9348-C0EBB59682B5}.Release|Win32.Build.0 = Release|Win32
		{93D707D1-C9E6-461C-95BA-77B618969DDA}.Debug|Win32.ActiveCfg = Debug|Win32
		{93D707D1-C9E6-461C-95BA-77B618969DDA}.Debug|Win32.Build.0 = Debug|Win32
		{93D707D1-C9E6-461C-95BA-77B618969DDA}.Release|Win32.ActiveCfg = Release|Win32
		{93D707D1-C9E6-461C-95BA-77B618969DDA}.Release|Win32.Build.0 = Release|Win32
		{63433F7E-B167-4BD5-8A46-40FBFF25CEF9}.Debug|Win32.ActiveCfg = Debug|Win32
		{63433F7E-B167-4BD5-8A46-40FBFF25CEF9}.Debug|Win32.Build.0 = Debug|Win32
		{63433F7E-B167-4BD5-8A46-40FBFF25CEF9}.Release|Win32.ActiveCfg = Release|Win32
		{63433F7E-B167-4BD5-8A46-40FBFF25CEF9}.Release|Win32.Build.0 = Release|Win32
	EndGlobalSection
	GlobalSection(SolutionProperties) = preSolution
		HideSolutionNode = FALSE
	EndGlobalSection
EndGlobal
