
Microsoft Visual Studio Solution File, Format Version 12.00
# Visual Studio 2013
VisualStudioVersion = 12.0.30501.0
MinimumVisualStudioVersion = 10.0.40219.1
Project("{8BC9CEB8-8B4A-11D0-8D11-00A0C91BC942}") = "ICONMENU", "ICONMENU\ICONMENU.vcxproj", "{2F67DC8C-23D5-442E-932C-768302956CE3}"
EndProject
Project("{8BC9CEB8-8B4A-11D0-8D11-00A0C91BC942}") = "MenuDemonstration", "MenuDemonstration\MenuDemonstration.vcxproj", "{FAAB239A-24DA-4343-BFAF-1FE4C28A3B78}"
EndProject
Project("{8BC9CEB8-8B4A-11D0-8D11-00A0C91BC942}") = "NOPOPUP", "NOPOPUP\NOPOPUP.vcxproj", "{34DC11BD-1DD4-4AAC-81AF-39E97F95D45F}"
EndProject
Project("{8BC9CEB8-8B4A-11D0-8D11-00A0C91BC942}") = "POPMENU", "POPMENU\POPMENU.vcxproj", "{8875DD68-40C0-4864-81DA-55476D628656}"
EndProject
Project("{8BC9CEB8-8B4A-11D0-8D11-00A0C91BC942}") = "POORMENU", "POORMENU\POORMENU.vcxproj", "{DE86F716-08AC-44D4-BABB-3CDC871EB86D}"
EndProject
Project("{8BC9CEB8-8B4A-11D0-8D11-00A0C91BC942}") = "POEPOEM", "POEPOEM\POEPOEM.vcxproj", "{AEA45BDD-08F2-43FE-B651-DAF443CA709A}"
EndProject
Project("{8BC9CEB8-8B4A-11D0-8D11-00A0C91BC942}") = "POPAD2", "POPAD2\POPAD2.vcxproj", "{3181373C-B932-4C79-BF1E-50D8480DBA0B}"
EndProject
Project("{8BC9CEB8-8B4A-11D0-8D11-00A0C91BC942}") = "LOGIN", "LOGIN\LOGIN.vcxproj", "{EF7E35DB-EA93-4147-AB32-A8B597F1D7A1}"
EndProject
Project("{8BC9CEB8-8B4A-11D0-8D11-00A0C91BC942}") = "EditTest", "listboxTest\listboxTest.vcxproj", "{B5B53071-E797-4947-A7A2-4DEB64986489}"
EndProject
Project("{8BC9CEB8-8B4A-11D0-8D11-00A0C91BC942}") = "listbox2", "listbox2\listbox2.vcxproj", "{6BDF8217-4035-4575-8A8D-78C5AE6F7FED}"
EndProject
Global
	GlobalSection(SolutionConfigurationPlatforms) = preSolution
		Debug|Win32 = Debug|Win32
		Release|Win32 = Release|Win32
	EndGlobalSection
	GlobalSection(ProjectConfigurationPlatforms) = postSolution
		{2F67DC8C-23D5-442E-932C-768302956CE3}.Debug|Win32.ActiveCfg = Debug|Win32
		{2F67DC8C-23D5-442E-932C-768302956CE3}.Debug|Win32.Build.0 = Debug|Win32
		{2F67DC8C-23D5-442E-932C-768302956CE3}.Release|Win32.ActiveCfg = Release|Win32
		{2F67DC8C-23D5-442E-932C-768302956CE3}.Release|Win32.Build.0 = Release|Win32
		{FAAB239A-24DA-4343-BFAF-1FE4C28A3B78}.Debug|Win32.ActiveCfg = Debug|Win32
		{FAAB239A-24DA-4343-BFAF-1FE4C28A3B78}.Debug|Win32.Build.0 = Debug|Win32
		{FAAB239A-24DA-4343-BFAF-1FE4C28A3B78}.Release|Win32.ActiveCfg = Release|Win32
		{FAAB239A-24DA-4343-BFAF-1FE4C28A3B78}.Release|Win32.Build.0 = Release|Win32
		{34DC11BD-1DD4-4AAC-81AF-39E97F95D45F}.Debug|Win32.ActiveCfg = Debug|Win32
		{34DC11BD-1DD4-4AAC-81AF-39E97F95D45F}.Debug|Win32.Build.0 = Debug|Win32
		{34DC11BD-1DD4-4AAC-81AF-39E97F95D45F}.Release|Win32.ActiveCfg = Release|Win32
		{34DC11BD-1DD4-4AAC-81AF-39E97F95D45F}.Release|Win32.Build.0 = Release|Win32
		{8875DD68-40C0-4864-81DA-55476D628656}.Debug|Win32.ActiveCfg = Debug|Win32
		{8875DD68-40C0-4864-81DA-55476D628656}.Debug|Win32.Build.0 = Debug|Win32
		{8875DD68-40C0-4864-81DA-55476D628656}.Release|Win32.ActiveCfg = Release|Win32
		{8875DD68-40C0-4864-81DA-55476D628656}.Release|Win32.Build.0 = Release|Win32
		{DE86F716-08AC-44D4-BABB-3CDC871EB86D}.Debug|Win32.ActiveCfg = Debug|Win32
		{DE86F716-08AC-44D4-BABB-3CDC871EB86D}.Debug|Win32.Build.0 = Debug|Win32
		{DE86F716-08AC-44D4-BABB-3CDC871EB86D}.Release|Win32.ActiveCfg = Release|Win32
		{DE86F716-08AC-44D4-BABB-3CDC871EB86D}.Release|Win32.Build.0 = Release|Win32
		{AEA45BDD-08F2-43FE-B651-DAF443CA709A}.Debug|Win32.ActiveCfg = Debug|Win32
		{AEA45BDD-08F2-43FE-B651-DAF443CA709A}.Debug|Win32.Build.0 = Debug|Win32
		{AEA45BDD-08F2-43FE-B651-DAF443CA709A}.Release|Win32.ActiveCfg = Release|Win32
		{AEA45BDD-08F2-43FE-B651-DAF443CA709A}.Release|Win32.Build.0 = Release|Win32
		{3181373C-B932-4C79-BF1E-50D8480DBA0B}.Debug|Win32.ActiveCfg = Debug|Win32
		{3181373C-B932-4C79-BF1E-50D8480DBA0B}.Debug|Win32.Build.0 = Debug|Win32
		{3181373C-B932-4C79-BF1E-50D8480DBA0B}.Release|Win32.ActiveCfg = Release|Win32
		{3181373C-B932-4C79-BF1E-50D8480DBA0B}.Release|Win32.Build.0 = Release|Win32
		{EF7E35DB-EA93-4147-AB32-A8B597F1D7A1}.Debug|Win32.ActiveCfg = Debug|Win32
		{EF7E35DB-EA93-4147-AB32-A8B597F1D7A1}.Debug|Win32.Build.0 = Debug|Win32
		{EF7E35DB-EA93-4147-AB32-A8B597F1D7A1}.Release|Win32.ActiveCfg = Release|Win32
		{EF7E35DB-EA93-4147-AB32-A8B597F1D7A1}.Release|Win32.Build.0 = Release|Win32
		{B5B53071-E797-4947-A7A2-4DEB64986489}.Debug|Win32.ActiveCfg = Debug|Win32
		{B5B53071-E797-4947-A7A2-4DEB64986489}.Debug|Win32.Build.0 = Debug|Win32
		{B5B53071-E797-4947-A7A2-4DEB64986489}.Release|Win32.ActiveCfg = Release|Win32
		{B5B53071-E797-4947-A7A2-4DEB64986489}.Release|Win32.Build.0 = Release|Win32
		{6BDF8217-4035-4575-8A8D-78C5AE6F7FED}.Debug|Win32.ActiveCfg = Debug|Win32
		{6BDF8217-4035-4575-8A8D-78C5AE6F7FED}.Debug|Win32.Build.0 = Debug|Win32
		{6BDF8217-4035-4575-8A8D-78C5AE6F7FED}.Release|Win32.ActiveCfg = Release|Win32
		{6BDF8217-4035-4575-8A8D-78C5AE6F7FED}.Release|Win32.Build.0 = Release|Win32
	EndGlobalSection
	GlobalSection(SolutionProperties) = preSolution
		HideSolutionNode = FALSE
	EndGlobalSection
EndGlobal
