
Microsoft Visual Studio Solution File, Format Version 12.00
# Visual Studio 2013
VisualStudioVersion = 12.0.30501.0
MinimumVisualStudioVersion = 10.0.40219.1
Project("{8BC9CEB8-8B4A-11D0-8D11-00A0C91BC942}") = "BITBLT", "BITBLT\BITBLT.vcxproj", "{A53A12B5-8BB6-43F0-A7D2-F1E9D9391159}"
EndProject
Project("{8BC9CEB8-8B4A-11D0-8D11-00A0C91BC942}") = "STRTCH", "STRTCH\STRTCH.vcxproj", "{9E7D3165-3DDF-48FA-ACE2-48C683564200}"
EndProject
Project("{8BC9CEB8-8B4A-11D0-8D11-00A0C91BC942}") = "BRICKS1", "BRICKS1\BRICKS1.vcxproj", "{1A0E1996-A02E-41A2-8C9B-81E65A057261}"
EndProject
Project("{8BC9CEB8-8B4A-11D0-8D11-00A0C91BC942}") = "BRICKS2", "BRICKS2\BRICKS2.vcxproj", "{C4D0DBBF-6BAC-4A5E-86B8-62CD5F4B077E}"
EndProject
Project("{8BC9CEB8-8B4A-11D0-8D11-00A0C91BC942}") = "BRICKS3", "BRICKS3\BRICKS3.vcxproj", "{645EEEC1-3DAB-4608-BA78-8CD70BFAA355}"
EndProject
Project("{8BC9CEB8-8B4A-11D0-8D11-00A0C91BC942}") = "HELLOBIT", "HELLOBIT\HELLOBIT.vcxproj", "{4CC811EA-A10F-4844-B3BC-955555554611}"
EndProject
Project("{8BC9CEB8-8B4A-11D0-8D11-00A0C91BC942}") = "SKETCH", "SKETCH\SKETCH.vcxproj", "{F48C8702-36A1-4276-BD3D-BC26CAAA2602}"
EndProject
Project("{8BC9CEB8-8B4A-11D0-8D11-00A0C91BC942}") = "GRAFMENU", "GRAFMENU\GRAFMENU.vcxproj", "{D15EDFFE-C99B-494C-8E62-D7D11AAAEE54}"
EndProject
Project("{8BC9CEB8-8B4A-11D0-8D11-00A0C91BC942}") = "BITMASK", "BITMASK\BITMASK.vcxproj", "{011834DE-74C3-49EB-A129-880914B3E9B4}"
EndProject
Project("{8BC9CEB8-8B4A-11D0-8D11-00A0C91BC942}") = "BOUNCE", "BOUNCE\BOUNCE.vcxproj", "{1503653B-BFE8-4391-83CA-7B5888C3E8FA}"
EndProject
Project("{8BC9CEB8-8B4A-11D0-8D11-00A0C91BC942}") = "SCRAMBLE", "SCRAMBLE\SCRAMBLE.vcxproj", "{6F4169F3-D094-465D-8FAF-D623E54A46D2}"
EndProject
Project("{8BC9CEB8-8B4A-11D0-8D11-00A0C91BC942}") = "LOCKWINDOWUDATE", "LOCKWINDOWUDATE\LOCKWINDOWUDATE.vcxproj", "{2193DB02-7237-4119-AAF7-F052F810C076}"
EndProject
Project("{8BC9CEB8-8B4A-11D0-8D11-00A0C91BC942}") = "GETDCEX", "GETDCEX\GETDCEX.vcxproj", "{7FEFA5BB-644E-4C11-AF7B-142D4B41950A}"
EndProject
Project("{8BC9CEB8-8B4A-11D0-8D11-00A0C91BC942}") = "BLOWUP", "BLOWUP\BLOWUP.vcxproj", "{58CE3DE8-E217-4F0E-A1E0-F7C528FB9E1B}"
EndProject
Project("{8BC9CEB8-8B4A-11D0-8D11-00A0C91BC942}") = "光栅操作", "光栅操作\光栅操作.vcxproj", "{E73F9067-2216-46AC-B9A7-56260DEE9F25}"
EndProject
Global
	GlobalSection(SolutionConfigurationPlatforms) = preSolution
		Debug|Win32 = Debug|Win32
		Release|Win32 = Release|Win32
	EndGlobalSection
	GlobalSection(ProjectConfigurationPlatforms) = postSolution
		{A53A12B5-8BB6-43F0-A7D2-F1E9D9391159}.Debug|Win32.ActiveCfg = Debug|Win32
		{A53A12B5-8BB6-43F0-A7D2-F1E9D9391159}.Debug|Win32.Build.0 = Debug|Win32
		{A53A12B5-8BB6-43F0-A7D2-F1E9D9391159}.Release|Win32.ActiveCfg = Release|Win32
		{A53A12B5-8BB6-43F0-A7D2-F1E9D9391159}.Release|Win32.Build.0 = Release|Win32
		{9E7D3165-3DDF-48FA-ACE2-48C683564200}.Debug|Win32.ActiveCfg = Debug|Win32
		{9E7D3165-3DDF-48FA-ACE2-48C683564200}.Debug|Win32.Build.0 = Debug|Win32
		{9E7D3165-3DDF-48FA-ACE2-48C683564200}.Release|Win32.ActiveCfg = Release|Win32
		{9E7D3165-3DDF-48FA-ACE2-48C683564200}.Release|Win32.Build.0 = Release|Win32
		{1A0E1996-A02E-41A2-8C9B-81E65A057261}.Debug|Win32.ActiveCfg = Debug|Win32
		{1A0E1996-A02E-41A2-8C9B-81E65A057261}.Debug|Win32.Build.0 = Debug|Win32
		{1A0E1996-A02E-41A2-8C9B-81E65A057261}.Release|Win32.ActiveCfg = Release|Win32
		{1A0E1996-A02E-41A2-8C9B-81E65A057261}.Release|Win32.Build.0 = Release|Win32
		{C4D0DBBF-6BAC-4A5E-86B8-62CD5F4B077E}.Debug|Win32.ActiveCfg = Debug|Win32
		{C4D0DBBF-6BAC-4A5E-86B8-62CD5F4B077E}.Debug|Win32.Build.0 = Debug|Win32
		{C4D0DBBF-6BAC-4A5E-86B8-62CD5F4B077E}.Release|Win32.ActiveCfg = Release|Win32
		{C4D0DBBF-6BAC-4A5E-86B8-62CD5F4B077E}.Release|Win32.Build.0 = Release|Win32
		{645EEEC1-3DAB-4608-BA78-8CD70BFAA355}.Debug|Win32.ActiveCfg = Debug|Win32
		{645EEEC1-3DAB-4608-BA78-8CD70BFAA355}.Debug|Win32.Build.0 = Debug|Win32
		{645EEEC1-3DAB-4608-BA78-8CD70BFAA355}.Release|Win32.ActiveCfg = Release|Win32
		{645EEEC1-3DAB-4608-BA78-8CD70BFAA355}.Release|Win32.Build.0 = Release|Win32
		{4CC811EA-A10F-4844-B3BC-955555554611}.Debug|Win32.ActiveCfg = Debug|Win32
		{4CC811EA-A10F-4844-B3BC-955555554611}.Debug|Win32.Build.0 = Debug|Win32
		{4CC811EA-A10F-4844-B3BC-955555554611}.Release|Win32.ActiveCfg = Release|Win32
		{4CC811EA-A10F-4844-B3BC-955555554611}.Release|Win32.Build.0 = Release|Win32
		{F48C8702-36A1-4276-BD3D-BC26CAAA2602}.Debug|Win32.ActiveCfg = Debug|Win32
		{F48C8702-36A1-4276-BD3D-BC26CAAA2602}.Debug|Win32.Build.0 = Debug|Win32
		{F48C8702-36A1-4276-BD3D-BC26CAAA2602}.Release|Win32.ActiveCfg = Release|Win32
		{F48C8702-36A1-4276-BD3D-BC26CAAA2602}.Release|Win32.Build.0 = Release|Win32
		{D15EDFFE-C99B-494C-8E62-D7D11AAAEE54}.Debug|Win32.ActiveCfg = Debug|Win32
		{D15EDFFE-C99B-494C-8E62-D7D11AAAEE54}.Debug|Win32.Build.0 = Debug|Win32
		{D15EDFFE-C99B-494C-8E62-D7D11AAAEE54}.Release|Win32.ActiveCfg = Release|Win32
		{D15EDFFE-C99B-494C-8E62-D7D11AAAEE54}.Release|Win32.Build.0 = Release|Win32
		{011834DE-74C3-49EB-A129-880914B3E9B4}.Debug|Win32.ActiveCfg = Debug|Win32
		{011834DE-74C3-49EB-A129-880914B3E9B4}.Debug|Win32.Build.0 = Debug|Win32
		{011834DE-74C3-49EB-A129-880914B3E9B4}.Release|Win32.ActiveCfg = Release|Win32
		{011834DE-74C3-49EB-A129-880914B3E9B4}.Release|Win32.Build.0 = Release|Win32
		{1503653B-BFE8-4391-83CA-7B5888C3E8FA}.Debug|Win32.ActiveCfg = Debug|Win32
		{1503653B-BFE8-4391-83CA-7B5888C3E8FA}.Debug|Win32.Build.0 = Debug|Win32
		{1503653B-BFE8-4391-83CA-7B5888C3E8FA}.Release|Win32.ActiveCfg = Release|Win32
		{1503653B-BFE8-4391-83CA-7B5888C3E8FA}.Release|Win32.Build.0 = Release|Win32
		{6F4169F3-D094-465D-8FAF-D623E54A46D2}.Debug|Win32.ActiveCfg = Debug|Win32
		{6F4169F3-D094-465D-8FAF-D623E54A46D2}.Debug|Win32.Build.0 = Debug|Win32
		{6F4169F3-D094-465D-8FAF-D623E54A46D2}.Release|Win32.ActiveCfg = Release|Win32
		{6F4169F3-D094-465D-8FAF-D623E54A46D2}.Release|Win32.Build.0 = Release|Win32
		{2193DB02-7237-4119-AAF7-F052F810C076}.Debug|Win32.ActiveCfg = Debug|Win32
		{2193DB02-7237-4119-AAF7-F052F810C076}.Debug|Win32.Build.0 = Debug|Win32
		{2193DB02-7237-4119-AAF7-F052F810C076}.Release|Win32.ActiveCfg = Release|Win32
		{2193DB02-7237-4119-AAF7-F052F810C076}.Release|Win32.Build.0 = Release|Win32
		{7FEFA5BB-644E-4C11-AF7B-142D4B41950A}.Debug|Win32.ActiveCfg = Debug|Win32
		{7FEFA5BB-644E-4C11-AF7B-142D4B41950A}.Debug|Win32.Build.0 = Debug|Win32
		{7FEFA5BB-644E-4C11-AF7B-142D4B41950A}.Release|Win32.ActiveCfg = Release|Win32
		{7FEFA5BB-644E-4C11-AF7B-142D4B41950A}.Release|Win32.Build.0 = Release|Win32
		{58CE3DE8-E217-4F0E-A1E0-F7C528FB9E1B}.Debug|Win32.ActiveCfg = Debug|Win32
		{58CE3DE8-E217-4F0E-A1E0-F7C528FB9E1B}.Debug|Win32.Build.0 = Debug|Win32
		{58CE3DE8-E217-4F0E-A1E0-F7C528FB9E1B}.Release|Win32.ActiveCfg = Release|Win32
		{58CE3DE8-E217-4F0E-A1E0-F7C528FB9E1B}.Release|Win32.Build.0 = Release|Win32
		{E73F9067-2216-46AC-B9A7-56260DEE9F25}.Debug|Win32.ActiveCfg = Debug|Win32
		{E73F9067-2216-46AC-B9A7-56260DEE9F25}.Debug|Win32.Build.0 = Debug|Win32
		{E73F9067-2216-46AC-B9A7-56260DEE9F25}.Release|Win32.ActiveCfg = Release|Win32
		{E73F9067-2216-46AC-B9A7-56260DEE9F25}.Release|Win32.Build.0 = Release|Win32
	EndGlobalSection
	GlobalSection(SolutionProperties) = preSolution
		HideSolutionNode = FALSE
	EndGlobalSection
EndGlobal
