
Microsoft Visual Studio Solution File, Format Version 12.00
# Visual Studio 2013
VisualStudioVersion = 12.0.30501.0
MinimumVisualStudioVersion = 10.0.40219.1
Project("{8BC9CEB8-8B4A-11D0-8D11-00A0C91BC942}") = "METAFILE", "METAFILE\METAFILE.vcxproj", "{F1F6B915-9E3B-464C-8D77-DB841A1B05DE}"
EndProject
Project("{8BC9CEB8-8B4A-11D0-8D11-00A0C91BC942}") = "EMF1", "EMF1\EMF1.vcxproj", "{2332C7FD-B34C-4815-8F5F-4D197A868C48}"
EndProject
Project("{8BC9CEB8-8B4A-11D0-8D11-00A0C91BC942}") = "EMF2", "EMF2\EMF2.vcxproj", "{B318B749-A0CF-4433-ADB5-C45FFB560367}"
EndProject
Project("{8BC9CEB8-8B4A-11D0-8D11-00A0C91BC942}") = "EMF3", "EMF3\EMF3.vcxproj", "{67C1B6E9-2E85-4F37-914A-E1C9D357193C}"
EndProject
Project("{8BC9CEB8-8B4A-11D0-8D11-00A0C91BC942}") = "EMF4", "EMF4\EMF4.vcxproj", "{5E39BA72-5160-4C15-A259-E1DC87185B22}"
EndProject
Project("{8BC9CEB8-8B4A-11D0-8D11-00A0C91BC942}") = "EMF5", "EMF5\EMF5.vcxproj", "{CD6804AB-72BE-4C98-B95C-CB5EBCDEC2C1}"
EndProject
Project("{8BC9CEB8-8B4A-11D0-8D11-00A0C91BC942}") = "EMF6", "EMF6\EMF6.vcxproj", "{01116486-BD9E-46A0-9779-0AC9D5836013}"
EndProject
Project("{8BC9CEB8-8B4A-11D0-8D11-00A0C91BC942}") = "EMF7", "EMF7\EMF7.vcxproj", "{CA2E7FB7-C387-4CC6-8900-ED240B06A276}"
EndProject
Project("{8BC9CEB8-8B4A-11D0-8D11-00A0C91BC942}") = "EmfView", "EmfView\EmfView.vcxproj", "{83D104F6-A2A4-4687-AE9A-E67912C16D51}"
EndProject
Project("{8BC9CEB8-8B4A-11D0-8D11-00A0C91BC942}") = "EMF8", "EMF8\EMF8.vcxproj", "{8877B2FE-05B9-4879-948D-E066CB584426}"
EndProject
Project("{8BC9CEB8-8B4A-11D0-8D11-00A0C91BC942}") = "EMF9", "EMF9\EMF9.vcxproj", "{147F9A43-80E1-4613-9D35-633992B4F74B}"
EndProject
Project("{8BC9CEB8-8B4A-11D0-8D11-00A0C91BC942}") = "EMF10", "EMF10\EMF10.vcxproj", "{96F2CD39-3AA8-4DEE-A770-C02A5D839CCC}"
EndProject
Project("{8BC9CEB8-8B4A-11D0-8D11-00A0C91BC942}") = "EMF11", "EMF11\EMF11.vcxproj", "{F7946194-1E47-4EBE-B023-6A7B9DD9FA65}"
EndProject
Project("{8BC9CEB8-8B4A-11D0-8D11-00A0C91BC942}") = "EMF12", "EMF12\EMF12.vcxproj", "{4CAE2CFC-CC16-4E10-ADA0-EA011A9D6598}"
EndProject
Project("{8BC9CEB8-8B4A-11D0-8D11-00A0C91BC942}") = "EMF13", "EMF13\EMF13.vcxproj", "{A9F614B0-2E77-4F14-AC98-7125F8546EFD}"
EndProject
Global
	GlobalSection(SolutionConfigurationPlatforms) = preSolution
		Debug|Win32 = Debug|Win32
		Release|Win32 = Release|Win32
	EndGlobalSection
	GlobalSection(ProjectConfigurationPlatforms) = postSolution
		{F1F6B915-9E3B-464C-8D77-DB841A1B05DE}.Debug|Win32.ActiveCfg = Debug|Win32
		{F1F6B915-9E3B-464C-8D77-DB841A1B05DE}.Debug|Win32.Build.0 = Debug|Win32
		{F1F6B915-9E3B-464C-8D77-DB841A1B05DE}.Release|Win32.ActiveCfg = Release|Win32
		{F1F6B915-9E3B-464C-8D77-DB841A1B05DE}.Release|Win32.Build.0 = Release|Win32
		{2332C7FD-B34C-4815-8F5F-4D197A868C48}.Debug|Win32.ActiveCfg = Debug|Win32
		{2332C7FD-B34C-4815-8F5F-4D197A868C48}.Debug|Win32.Build.0 = Debug|Win32
		{2332C7FD-B34C-4815-8F5F-4D197A868C48}.Release|Win32.ActiveCfg = Release|Win32
		{2332C7FD-B34C-4815-8F5F-4D197A868C48}.Release|Win32.Build.0 = Release|Win32
		{B318B749-A0CF-4433-ADB5-C45FFB560367}.Debug|Win32.ActiveCfg = Debug|Win32
		{B318B749-A0CF-4433-ADB5-C45FFB560367}.Debug|Win32.Build.0 = Debug|Win32
		{B318B749-A0CF-4433-ADB5-C45FFB560367}.Release|Win32.ActiveCfg = Release|Win32
		{B318B749-A0CF-4433-ADB5-C45FFB560367}.Release|Win32.Build.0 = Release|Win32
		{67C1B6E9-2E85-4F37-914A-E1C9D357193C}.Debug|Win32.ActiveCfg = Debug|Win32
		{67C1B6E9-2E85-4F37-914A-E1C9D357193C}.Debug|Win32.Build.0 = Debug|Win32
		{67C1B6E9-2E85-4F37-914A-E1C9D357193C}.Release|Win32.ActiveCfg = Release|Win32
		{67C1B6E9-2E85-4F37-914A-E1C9D357193C}.Release|Win32.Build.0 = Release|Win32
		{5E39BA72-5160-4C15-A259-E1DC87185B22}.Debug|Win32.ActiveCfg = Debug|Win32
		{5E39BA72-5160-4C15-A259-E1DC87185B22}.Debug|Win32.Build.0 = Debug|Win32
		{5E39BA72-5160-4C15-A259-E1DC87185B22}.Release|Win32.ActiveCfg = Release|Win32
		{5E39BA72-5160-4C15-A259-E1DC87185B22}.Release|Win32.Build.0 = Release|Win32
		{CD6804AB-72BE-4C98-B95C-CB5EBCDEC2C1}.Debug|Win32.ActiveCfg = Debug|Win32
		{CD6804AB-72BE-4C98-B95C-CB5EBCDEC2C1}.Debug|Win32.Build.0 = Debug|Win32
		{CD6804AB-72BE-4C98-B95C-CB5EBCDEC2C1}.Release|Win32.ActiveCfg = Release|Win32
		{CD6804AB-72BE-4C98-B95C-CB5EBCDEC2C1}.Release|Win32.Build.0 = Release|Win32
		{01116486-BD9E-46A0-9779-0AC9D5836013}.Debug|Win32.ActiveCfg = Debug|Win32
		{01116486-BD9E-46A0-9779-0AC9D5836013}.Debug|Win32.Build.0 = Debug|Win32
		{01116486-BD9E-46A0-9779-0AC9D5836013}.Release|Win32.ActiveCfg = Release|Win32
		{01116486-BD9E-46A0-9779-0AC9D5836013}.Release|Win32.Build.0 = Release|Win32
		{CA2E7FB7-C387-4CC6-8900-ED240B06A276}.Debug|Win32.ActiveCfg = Debug|Win32
		{CA2E7FB7-C387-4CC6-8900-ED240B06A276}.Debug|Win32.Build.0 = Debug|Win32
		{CA2E7FB7-C387-4CC6-8900-ED240B06A276}.Release|Win32.ActiveCfg = Release|Win32
		{CA2E7FB7-C387-4CC6-8900-ED240B06A276}.Release|Win32.Build.0 = Release|Win32
		{83D104F6-A2A4-4687-AE9A-E67912C16D51}.Debug|Win32.ActiveCfg = Debug|Win32
		{83D104F6-A2A4-4687-AE9A-E67912C16D51}.Debug|Win32.Build.0 = Debug|Win32
		{83D104F6-A2A4-4687-AE9A-E67912C16D51}.Release|Win32.ActiveCfg = Release|Win32
		{83D104F6-A2A4-4687-AE9A-E67912C16D51}.Release|Win32.Build.0 = Release|Win32
		{8877B2FE-05B9-4879-948D-E066CB584426}.Debug|Win32.ActiveCfg = Debug|Win32
		{8877B2FE-05B9-4879-948D-E066CB584426}.Debug|Win32.Build.0 = Debug|Win32
		{8877B2FE-05B9-4879-948D-E066CB584426}.Release|Win32.ActiveCfg = Release|Win32
		{8877B2FE-05B9-4879-948D-E066CB584426}.Release|Win32.Build.0 = Release|Win32
		{147F9A43-80E1-4613-9D35-633992B4F74B}.Debug|Win32.ActiveCfg = Debug|Win32
		{147F9A43-80E1-4613-9D35-633992B4F74B}.Debug|Win32.Build.0 = Debug|Win32
		{147F9A43-80E1-4613-9D35-633992B4F74B}.Release|Win32.ActiveCfg = Release|Win32
		{147F9A43-80E1-4613-9D35-633992B4F74B}.Release|Win32.Build.0 = Release|Win32
		{96F2CD39-3AA8-4DEE-A770-C02A5D839CCC}.Debug|Win32.ActiveCfg = Debug|Win32
		{96F2CD39-3AA8-4DEE-A770-C02A5D839CCC}.Debug|Win32.Build.0 = Debug|Win32
		{96F2CD39-3AA8-4DEE-A770-C02A5D839CCC}.Release|Win32.ActiveCfg = Release|Win32
		{96F2CD39-3AA8-4DEE-A770-C02A5D839CCC}.Release|Win32.Build.0 = Release|Win32
		{F7946194-1E47-4EBE-B023-6A7B9DD9FA65}.Debug|Win32.ActiveCfg = Debug|Win32
		{F7946194-1E47-4EBE-B023-6A7B9DD9FA65}.Debug|Win32.Build.0 = Debug|Win32
		{F7946194-1E47-4EBE-B023-6A7B9DD9FA65}.Release|Win32.ActiveCfg = Release|Win32
		{F7946194-1E47-4EBE-B023-6A7B9DD9FA65}.Release|Win32.Build.0 = Release|Win32
		{4CAE2CFC-CC16-4E10-ADA0-EA011A9D6598}.Debug|Win32.ActiveCfg = Debug|Win32
		{4CAE2CFC-CC16-4E10-ADA0-EA011A9D6598}.Debug|Win32.Build.0 = Debug|Win32
		{4CAE2CFC-CC16-4E10-ADA0-EA011A9D6598}.Release|Win32.ActiveCfg = Release|Win32
		{4CAE2CFC-CC16-4E10-ADA0-EA011A9D6598}.Release|Win32.Build.0 = Release|Win32
		{A9F614B0-2E77-4F14-AC98-7125F8546EFD}.Debug|Win32.ActiveCfg = Debug|Win32
		{A9F614B0-2E77-4F14-AC98-7125F8546EFD}.Debug|Win32.Build.0 = Debug|Win32
		{A9F614B0-2E77-4F14-AC98-7125F8546EFD}.Release|Win32.ActiveCfg = Release|Win32
		{A9F614B0-2E77-4F14-AC98-7125F8546EFD}.Release|Win32.Build.0 = Release|Win32
	EndGlobalSection
	GlobalSection(SolutionProperties) = preSolution
		HideSolutionNode = FALSE
	EndGlobalSection
EndGlobal
