
Microsoft Visual Studio Solution File, Format Version 12.00
# Visual Studio 2013
VisualStudioVersion = 12.0.30501.0
MinimumVisualStudioVersion = 10.0.40219.1
Project("{8BC9CEB8-8B4A-11D0-8D11-00A0C91BC942}") = "TEXTOUT", "TEXTOUT\TEXTOUT.vcxproj", "{D8B8D3B3-390B-4ED5-A117-97259ABE4D2C}"
EndProject
Project("{8BC9CEB8-8B4A-11D0-8D11-00A0C91BC942}") = "TABTEXTOUT", "TABTEXTOUT\TABTEXTOUT.vcxproj", "{50D0B3B8-213C-4C2C-B175-CE0BB6562E49}"
EndProject
Project("{8BC9CEB8-8B4A-11D0-8D11-00A0C91BC942}") = "EXTTEXTOUT", "EXTTEXTOUT\EXTTEXTOUT.vcxproj", "{49125B2C-192A-40D2-AF5A-12EF2DBDA8F6}"
EndProject
Project("{8BC9CEB8-8B4A-11D0-8D11-00A0C91BC942}") = "DRAWTEXT", "DRAWTEXT\DRAWTEXT.vcxproj", "{07265112-B98A-4A77-AE8D-A6001A60C473}"
EndProject
Project("{8BC9CEB8-8B4A-11D0-8D11-00A0C91BC942}") = "DRAWTEXTEX", "DRAWTEXTEX\DRAWTEXTEX.vcxproj", "{47DF9446-85F0-47AD-AA8D-884BED04C0BE}"
EndProject
Project("{8BC9CEB8-8B4A-11D0-8D11-00A0C91BC942}") = "CHOOSEFONT", "CHOOSEFONT\CHOOSEFONT.vcxproj", "{06B8BCF6-275D-4D67-81F4-1DDAA9C8D3A1}"
EndProject
Project("{8BC9CEB8-8B4A-11D0-8D11-00A0C91BC942}") = "ENUMFONTS", "ENUMFONTS\ENUMFONTS.vcxproj", "{5F976542-87C3-40E5-9EA8-16B9D515334F}"
EndProject
Project("{8BC9CEB8-8B4A-11D0-8D11-00A0C91BC942}") = "EZTEST", "EZTEST\EZTEST.vcxproj", "{C24A895A-25DE-4F99-8965-3B18B93D7634}"
EndProject
Project("{8BC9CEB8-8B4A-11D0-8D11-00A0C91BC942}") = "FONTROT", "FONTROT\FONTROT.vcxproj", "{19C81724-9F4A-486D-954C-65558959E6B2}"
EndProject
Project("{8BC9CEB8-8B4A-11D0-8D11-00A0C91BC942}") = "UNICHARS", "UNICHARS\UNICHARS.vcxproj", "{68677246-7881-46F8-BDB3-6AD23054AD94}"
EndProject
Project("{8BC9CEB8-8B4A-11D0-8D11-00A0C91BC942}") = "JUSTIFY1", "JUSTIFY1\JUSTIFY1.vcxproj", "{0F1E5433-6C78-49F5-91FA-BC51E97C78C7}"
EndProject
Project("{8BC9CEB8-8B4A-11D0-8D11-00A0C91BC942}") = "ENDJOIN", "ENDJOIN\ENDJOIN.vcxproj", "{C43261C7-3FE3-4E32-87B4-CCEB149A68B3}"
EndProject
Project("{8BC9CEB8-8B4A-11D0-8D11-00A0C91BC942}") = "FONTOUT1", "FONTOUT1\FONTOUT1.vcxproj", "{DFFAAC50-A647-4E02-92A9-82EBD894BEF4}"
EndProject
Project("{8BC9CEB8-8B4A-11D0-8D11-00A0C91BC942}") = "FONTOUT2.C", "FONTOUT2.C\FONTOUT2.C.vcxproj", "{F18B60B5-CEC9-46AF-B5B3-A676E1C2A453}"
EndProject
Project("{8BC9CEB8-8B4A-11D0-8D11-00A0C91BC942}") = "FONTFILL", "FONTFILL\FONTFILL.vcxproj", "{8E97BB63-4A5F-49E3-B5FE-5B4E4CBF8051}"
EndProject
Project("{8BC9CEB8-8B4A-11D0-8D11-00A0C91BC942}") = "FONTCLIP", "FONTCLIP\FONTCLIP.vcxproj", "{15F321EF-CB7F-4134-A1CB-972DF351A92F}"
EndProject
Global
	GlobalSection(SolutionConfigurationPlatforms) = preSolution
		Debug|Win32 = Debug|Win32
		Release|Win32 = Release|Win32
	EndGlobalSection
	GlobalSection(ProjectConfigurationPlatforms) = postSolution
		{D8B8D3B3-390B-4ED5-A117-97259ABE4D2C}.Debug|Win32.ActiveCfg = Debug|Win32
		{D8B8D3B3-390B-4ED5-A117-97259ABE4D2C}.Debug|Win32.Build.0 = Debug|Win32
		{D8B8D3B3-390B-4ED5-A117-97259ABE4D2C}.Release|Win32.ActiveCfg = Release|Win32
		{D8B8D3B3-390B-4ED5-A117-97259ABE4D2C}.Release|Win32.Build.0 = Release|Win32
		{50D0B3B8-213C-4C2C-B175-CE0BB6562E49}.Debug|Win32.ActiveCfg = Debug|Win32
		{50D0B3B8-213C-4C2C-B175-CE0BB6562E49}.Debug|Win32.Build.0 = Debug|Win32
		{50D0B3B8-213C-4C2C-B175-CE0BB6562E49}.Release|Win32.ActiveCfg = Release|Win32
		{50D0B3B8-213C-4C2C-B175-CE0BB6562E49}.Release|Win32.Build.0 = Release|Win32
		{49125B2C-192A-40D2-AF5A-12EF2DBDA8F6}.Debug|Win32.ActiveCfg = Debug|Win32
		{49125B2C-192A-40D2-AF5A-12EF2DBDA8F6}.Debug|Win32.Build.0 = Debug|Win32
		{49125B2C-192A-40D2-AF5A-12EF2DBDA8F6}.Release|Win32.ActiveCfg = Release|Win32
		{49125B2C-192A-40D2-AF5A-12EF2DBDA8F6}.Release|Win32.Build.0 = Release|Win32
		{07265112-B98A-4A77-AE8D-A6001A60C473}.Debug|Win32.ActiveCfg = Debug|Win32
		{07265112-B98A-4A77-AE8D-A6001A60C473}.Debug|Win32.Build.0 = Debug|Win32
		{07265112-B98A-4A77-AE8D-A6001A60C473}.Release|Win32.ActiveCfg = Release|Win32
		{07265112-B98A-4A77-AE8D-A6001A60C473}.Release|Win32.Build.0 = Release|Win32
		{47DF9446-85F0-47AD-AA8D-884BED04C0BE}.Debug|Win32.ActiveCfg = Debug|Win32
		{47DF9446-85F0-47AD-AA8D-884BED04C0BE}.Debug|Win32.Build.0 = Debug|Win32
		{47DF9446-85F0-47AD-AA8D-884BED04C0BE}.Release|Win32.ActiveCfg = Release|Win32
		{47DF9446-85F0-47AD-AA8D-884BED04C0BE}.Release|Win32.Build.0 = Release|Win32
		{06B8BCF6-275D-4D67-81F4-1DDAA9C8D3A1}.Debug|Win32.ActiveCfg = Debug|Win32
		{06B8BCF6-275D-4D67-81F4-1DDAA9C8D3A1}.Debug|Win32.Build.0 = Debug|Win32
		{06B8BCF6-275D-4D67-81F4-1DDAA9C8D3A1}.Release|Win32.ActiveCfg = Release|Win32
		{06B8BCF6-275D-4D67-81F4-1DDAA9C8D3A1}.Release|Win32.Build.0 = Release|Win32
		{5F976542-87C3-40E5-9EA8-16B9D515334F}.Debug|Win32.ActiveCfg = Debug|Win32
		{5F976542-87C3-40E5-9EA8-16B9D515334F}.Debug|Win32.Build.0 = Debug|Win32
		{5F976542-87C3-40E5-9EA8-16B9D515334F}.Release|Win32.ActiveCfg = Release|Win32
		{5F976542-87C3-40E5-9EA8-16B9D515334F}.Release|Win32.Build.0 = Release|Win32
		{C24A895A-25DE-4F99-8965-3B18B93D7634}.Debug|Win32.ActiveCfg = Debug|Win32
		{C24A895A-25DE-4F99-8965-3B18B93D7634}.Debug|Win32.Build.0 = Debug|Win32
		{C24A895A-25DE-4F99-8965-3B18B93D7634}.Release|Win32.ActiveCfg = Release|Win32
		{C24A895A-25DE-4F99-8965-3B18B93D7634}.Release|Win32.Build.0 = Release|Win32
		{19C81724-9F4A-486D-954C-65558959E6B2}.Debug|Win32.ActiveCfg = Debug|Win32
		{19C81724-9F4A-486D-954C-65558959E6B2}.Debug|Win32.Build.0 = Debug|Win32
		{19C81724-9F4A-486D-954C-65558959E6B2}.Release|Win32.ActiveCfg = Release|Win32
		{19C81724-9F4A-486D-954C-65558959E6B2}.Release|Win32.Build.0 = Release|Win32
		{68677246-7881-46F8-BDB3-6AD23054AD94}.Debug|Win32.ActiveCfg = Debug|Win32
		{68677246-7881-46F8-BDB3-6AD23054AD94}.Debug|Win32.Build.0 = Debug|Win32
		{68677246-7881-46F8-BDB3-6AD23054AD94}.Release|Win32.ActiveCfg = Release|Win32
		{68677246-7881-46F8-BDB3-6AD23054AD94}.Release|Win32.Build.0 = Release|Win32
		{0F1E5433-6C78-49F5-91FA-BC51E97C78C7}.Debug|Win32.ActiveCfg = Debug|Win32
		{0F1E5433-6C78-49F5-91FA-BC51E97C78C7}.Debug|Win32.Build.0 = Debug|Win32
		{0F1E5433-6C78-49F5-91FA-BC51E97C78C7}.Release|Win32.ActiveCfg = Release|Win32
		{0F1E5433-6C78-49F5-91FA-BC51E97C78C7}.Release|Win32.Build.0 = Release|Win32
		{C43261C7-3FE3-4E32-87B4-CCEB149A68B3}.Debug|Win32.ActiveCfg = Debug|Win32
		{C43261C7-3FE3-4E32-87B4-CCEB149A68B3}.Debug|Win32.Build.0 = Debug|Win32
		{C43261C7-3FE3-4E32-87B4-CCEB149A68B3}.Release|Win32.ActiveCfg = Release|Win32
		{C43261C7-3FE3-4E32-87B4-CCEB149A68B3}.Release|Win32.Build.0 = Release|Win32
		{DFFAAC50-A647-4E02-92A9-82EBD894BEF4}.Debug|Win32.ActiveCfg = Debug|Win32
		{DFFAAC50-A647-4E02-92A9-82EBD894BEF4}.Debug|Win32.Build.0 = Debug|Win32
		{DFFAAC50-A647-4E02-92A9-82EBD894BEF4}.Release|Win32.ActiveCfg = Release|Win32
		{DFFAAC50-A647-4E02-92A9-82EBD894BEF4}.Release|Win32.Build.0 = Release|Win32
		{F18B60B5-CEC9-46AF-B5B3-A676E1C2A453}.Debug|Win32.ActiveCfg = Debug|Win32
		{F18B60B5-CEC9-46AF-B5B3-A676E1C2A453}.Debug|Win32.Build.0 = Debug|Win32
		{F18B60B5-CEC9-46AF-B5B3-A676E1C2A453}.Release|Win32.ActiveCfg = Release|Win32
		{F18B60B5-CEC9-46AF-B5B3-A676E1C2A453}.Release|Win32.Build.0 = Release|Win32
		{8E97BB63-4A5F-49E3-B5FE-5B4E4CBF8051}.Debug|Win32.ActiveCfg = Debug|Win32
		{8E97BB63-4A5F-49E3-B5FE-5B4E4CBF8051}.Debug|Win32.Build.0 = Debug|Win32
		{8E97BB63-4A5F-49E3-B5FE-5B4E4CBF8051}.Release|Win32.ActiveCfg = Release|Win32
		{8E97BB63-4A5F-49E3-B5FE-5B4E4CBF8051}.Release|Win32.Build.0 = Release|Win32
		{15F321EF-CB7F-4134-A1CB-972DF351A92F}.Debug|Win32.ActiveCfg = Debug|Win32
		{15F321EF-CB7F-4134-A1CB-972DF351A92F}.Debug|Win32.Build.0 = Debug|Win32
		{15F321EF-CB7F-4134-A1CB-972DF351A92F}.Release|Win32.ActiveCfg = Release|Win32
		{15F321EF-CB7F-4134-A1CB-972DF351A92F}.Release|Win32.Build.0 = Release|Win32
	EndGlobalSection
	GlobalSection(SolutionProperties) = preSolution
		HideSolutionNode = FALSE
	EndGlobalSection
EndGlobal
