
Microsoft Visual Studio Solution File, Format Version 12.00
# Visual Studio 2013
VisualStudioVersion = 12.0.30501.0
MinimumVisualStudioVersion = 10.0.40219.1
Project("{8BC9CEB8-8B4A-11D0-8D11-00A0C91BC942}") = "TIMER", "TIMER\TIMER.vcxproj", "{E275F809-80FC-4034-9350-3AE6C9707B1B}"
EndProject
Project("{8BC9CEB8-8B4A-11D0-8D11-00A0C91BC942}") = "Timer2", "Timer2\Timer2.vcxproj", "{EB7B4CEC-952D-4FF0-98A4-8CC737F0F7E0}"
EndProject
Project("{8BC9CEB8-8B4A-11D0-8D11-00A0C91BC942}") = "TIMER3", "TIMER3\TIMER3.vcxproj", "{0057F26F-3118-4A90-9FD2-C453B913713F}"
EndProject
Project("{8BC9CEB8-8B4A-11D0-8D11-00A0C91BC942}") = "TIMER4", "TIMER4\TIMER4.vcxproj", "{527B67ED-6F11-463B-8D1D-831ABE7D07A6}"
EndProject
Project("{8BC9CEB8-8B4A-11D0-8D11-00A0C91BC942}") = "whatCLR", "whatCLR\whatCLR.vcxproj", "{5B805513-E7F0-4AEE-AADE-D9C19E1C30FE}"
EndProject
Project("{8BC9CEB8-8B4A-11D0-8D11-00A0C91BC942}") = "DIGCLOCK", "DIGCLOCK\DIGCLOCK.vcxproj", "{41F53F2D-35FF-4178-929D-852F9904B11B}"
EndProject
Project("{8BC9CEB8-8B4A-11D0-8D11-00A0C91BC942}") = "DLGCLOCK2", "DLGCLOCK2\DLGCLOCK2.vcxproj", "{B4BB57A8-2939-4C66-BAC8-F99C8AA3E190}"
EndProject
Project("{8BC9CEB8-8B4A-11D0-8D11-00A0C91BC942}") = "DLGCLOCK3", "DLGCLOCK3\DLGCLOCK3.vcxproj", "{BE19B7E3-2C8D-47F2-9228-94FBD9866223}"
EndProject
Project("{8BC9CEB8-8B4A-11D0-8D11-00A0C91BC942}") = "REDRAW", "MENU\MENU.vcxproj", "{914B01BA-9B3E-4E10-92C2-F6D96FE48B93}"
EndProject
Project("{8BC9CEB8-8B4A-11D0-8D11-00A0C91BC942}") = "bezier", "bezier\bezier.vcxproj", "{8CB4E580-C7FC-4F65-87DB-B9B228E07D0F}"
EndProject
Project("{8BC9CEB8-8B4A-11D0-8D11-00A0C91BC942}") = "DestopClock", "DestopClock\DestopClock.vcxproj", "{C7E02DFC-BEDE-4B61-8593-78D11DEA111A}"
EndProject
Project("{8BC9CEB8-8B4A-11D0-8D11-00A0C91BC942}") = "clock", "clock\clock.vcxproj", "{667CBC21-201D-40B0-A617-F5F81333F120}"
EndProject
Project("{8BC9CEB8-8B4A-11D0-8D11-00A0C91BC942}") = "桌面时钟1", "桌面时钟1\桌面时钟1.vcxproj", "{FEAC75CF-11F0-4A12-802E-56F285E5DAB9}"
EndProject
Project("{8BC9CEB8-8B4A-11D0-8D11-00A0C91BC942}") = "桌面时钟2", "桌面时钟2\桌面时钟2.vcxproj", "{0155B6FB-F388-48A0-B9E2-D10017E7F869}"
EndProject
Project("{8BC9CEB8-8B4A-11D0-8D11-00A0C91BC942}") = "桌面时钟3", "桌面时钟3\桌面时钟3.vcxproj", "{A7AB1EF5-FF31-4F52-8A7C-2EC58124BE67}"
EndProject
Global
	GlobalSection(SolutionConfigurationPlatforms) = preSolution
		Debug|Win32 = Debug|Win32
		Release|Win32 = Release|Win32
	EndGlobalSection
	GlobalSection(ProjectConfigurationPlatforms) = postSolution
		{E275F809-80FC-4034-9350-3AE6C9707B1B}.Debug|Win32.ActiveCfg = Debug|Win32
		{E275F809-80FC-4034-9350-3AE6C9707B1B}.Debug|Win32.Build.0 = Debug|Win32
		{E275F809-80FC-4034-9350-3AE6C9707B1B}.Release|Win32.ActiveCfg = Release|Win32
		{E275F809-80FC-4034-9350-3AE6C9707B1B}.Release|Win32.Build.0 = Release|Win32
		{EB7B4CEC-952D-4FF0-98A4-8CC737F0F7E0}.Debug|Win32.ActiveCfg = Debug|Win32
		{EB7B4CEC-952D-4FF0-98A4-8CC737F0F7E0}.Debug|Win32.Build.0 = Debug|Win32
		{EB7B4CEC-952D-4FF0-98A4-8CC737F0F7E0}.Release|Win32.ActiveCfg = Release|Win32
		{EB7B4CEC-952D-4FF0-98A4-8CC737F0F7E0}.Release|Win32.Build.0 = Release|Win32
		{0057F26F-3118-4A90-9FD2-C453B913713F}.Debug|Win32.ActiveCfg = Debug|Win32
		{0057F26F-3118-4A90-9FD2-C453B913713F}.Debug|Win32.Build.0 = Debug|Win32
		{0057F26F-3118-4A90-9FD2-C453B913713F}.Release|Win32.ActiveCfg = Release|Win32
		{0057F26F-3118-4A90-9FD2-C453B913713F}.Release|Win32.Build.0 = Release|Win32
		{527B67ED-6F11-463B-8D1D-831ABE7D07A6}.Debug|Win32.ActiveCfg = Debug|Win32
		{527B67ED-6F11-463B-8D1D-831ABE7D07A6}.Debug|Win32.Build.0 = Debug|Win32
		{527B67ED-6F11-463B-8D1D-831ABE7D07A6}.Release|Win32.ActiveCfg = Release|Win32
		{527B67ED-6F11-463B-8D1D-831ABE7D07A6}.Release|Win32.Build.0 = Release|Win32
		{5B805513-E7F0-4AEE-AADE-D9C19E1C30FE}.Debug|Win32.ActiveCfg = Debug|Win32
		{5B805513-E7F0-4AEE-AADE-D9C19E1C30FE}.Debug|Win32.Build.0 = Debug|Win32
		{5B805513-E7F0-4AEE-AADE-D9C19E1C30FE}.Release|Win32.ActiveCfg = Release|Win32
		{5B805513-E7F0-4AEE-AADE-D9C19E1C30FE}.Release|Win32.Build.0 = Release|Win32
		{41F53F2D-35FF-4178-929D-852F9904B11B}.Debug|Win32.ActiveCfg = Debug|Win32
		{41F53F2D-35FF-4178-929D-852F9904B11B}.Debug|Win32.Build.0 = Debug|Win32
		{41F53F2D-35FF-4178-929D-852F9904B11B}.Release|Win32.ActiveCfg = Release|Win32
		{41F53F2D-35FF-4178-929D-852F9904B11B}.Release|Win32.Build.0 = Release|Win32
		{B4BB57A8-2939-4C66-BAC8-F99C8AA3E190}.Debug|Win32.ActiveCfg = Debug|Win32
		{B4BB57A8-2939-4C66-BAC8-F99C8AA3E190}.Debug|Win32.Build.0 = Debug|Win32
		{B4BB57A8-2939-4C66-BAC8-F99C8AA3E190}.Release|Win32.ActiveCfg = Release|Win32
		{B4BB57A8-2939-4C66-BAC8-F99C8AA3E190}.Release|Win32.Build.0 = Release|Win32
		{BE19B7E3-2C8D-47F2-9228-94FBD9866223}.Debug|Win32.ActiveCfg = Debug|Win32
		{BE19B7E3-2C8D-47F2-9228-94FBD9866223}.Debug|Win32.Build.0 = Debug|Win32
		{BE19B7E3-2C8D-47F2-9228-94FBD9866223}.Release|Win32.ActiveCfg = Release|Win32
		{BE19B7E3-2C8D-47F2-9228-94FBD9866223}.Release|Win32.Build.0 = Release|Win32
		{914B01BA-9B3E-4E10-92C2-F6D96FE48B93}.Debug|Win32.ActiveCfg = Debug|Win32
		{914B01BA-9B3E-4E10-92C2-F6D96FE48B93}.Debug|Win32.Build.0 = Debug|Win32
		{914B01BA-9B3E-4E10-92C2-F6D96FE48B93}.Release|Win32.ActiveCfg = Release|Win32
		{914B01BA-9B3E-4E10-92C2-F6D96FE48B93}.Release|Win32.Build.0 = Release|Win32
		{8CB4E580-C7FC-4F65-87DB-B9B228E07D0F}.Debug|Win32.ActiveCfg = Debug|Win32
		{8CB4E580-C7FC-4F65-87DB-B9B228E07D0F}.Debug|Win32.Build.0 = Debug|Win32
		{8CB4E580-C7FC-4F65-87DB-B9B228E07D0F}.Release|Win32.ActiveCfg = Release|Win32
		{8CB4E580-C7FC-4F65-87DB-B9B228E07D0F}.Release|Win32.Build.0 = Release|Win32
		{C7E02DFC-BEDE-4B61-8593-78D11DEA111A}.Debug|Win32.ActiveCfg = Debug|Win32
		{C7E02DFC-BEDE-4B61-8593-78D11DEA111A}.Debug|Win32.Build.0 = Debug|Win32
		{C7E02DFC-BEDE-4B61-8593-78D11DEA111A}.Release|Win32.ActiveCfg = Release|Win32
		{C7E02DFC-BEDE-4B61-8593-78D11DEA111A}.Release|Win32.Build.0 = Release|Win32
		{667CBC21-201D-40B0-A617-F5F81333F120}.Debug|Win32.ActiveCfg = Debug|Win32
		{667CBC21-201D-40B0-A617-F5F81333F120}.Debug|Win32.Build.0 = Debug|Win32
		{667CBC21-201D-40B0-A617-F5F81333F120}.Release|Win32.ActiveCfg = Release|Win32
		{667CBC21-201D-40B0-A617-F5F81333F120}.Release|Win32.Build.0 = Release|Win32
		{FEAC75CF-11F0-4A12-802E-56F285E5DAB9}.Debug|Win32.ActiveCfg = Debug|Win32
		{FEAC75CF-11F0-4A12-802E-56F285E5DAB9}.Debug|Win32.Build.0 = Debug|Win32
		{FEAC75CF-11F0-4A12-802E-56F285E5DAB9}.Release|Win32.ActiveCfg = Release|Win32
		{FEAC75CF-11F0-4A12-802E-56F285E5DAB9}.Release|Win32.Build.0 = Release|Win32
		{0155B6FB-F388-48A0-B9E2-D10017E7F869}.Debug|Win32.ActiveCfg = Debug|Win32
		{0155B6FB-F388-48A0-B9E2-D10017E7F869}.Debug|Win32.Build.0 = Debug|Win32
		{0155B6FB-F388-48A0-B9E2-D10017E7F869}.Release|Win32.ActiveCfg = Release|Win32
		{0155B6FB-F388-48A0-B9E2-D10017E7F869}.Release|Win32.Build.0 = Release|Win32
		{A7AB1EF5-FF31-4F52-8A7C-2EC58124BE67}.Debug|Win32.ActiveCfg = Debug|Win32
		{A7AB1EF5-FF31-4F52-8A7C-2EC58124BE67}.Debug|Win32.Build.0 = Debug|Win32
		{A7AB1EF5-FF31-4F52-8A7C-2EC58124BE67}.Release|Win32.ActiveCfg = Release|Win32
		{A7AB1EF5-FF31-4F52-8A7C-2EC58124BE67}.Release|Win32.Build.0 = Release|Win32
	EndGlobalSection
	GlobalSection(SolutionProperties) = preSolution
		HideSolutionNode = FALSE
	EndGlobalSection
EndGlobal
